// !$*UTF8*$!
{
	archiveVersion = 1;
	classes = {
	};
	objectVersion = 50;
	objects = {

/* Begin PBXBuildFile section */
		53043DD62147C248001019EA /* PlayerViewController.swift in Sources */ = {isa = PBXBuildFile; fileRef = 53043DD52147C248001019EA /* PlayerViewController.swift */; };
		53043DD82147C8BD001019EA /* PlayerWindowController.swift in Sources */ = {isa = PBXBuildFile; fileRef = 53043DD72147C8BD001019EA /* PlayerWindowController.swift */; };
		53043DDA2147C8D4001019EA /* PlayerWindow.swift in Sources */ = {isa = PBXBuildFile; fileRef = 53043DD92147C8D4001019EA /* PlayerWindow.swift */; };
		53043DDC2147E7C5001019EA /* WebKit.framework in Frameworks */ = {isa = PBXBuildFile; fileRef = 53043DDB2147E7C5001019EA /* WebKit.framework */; };
		5378254321467B16009939DD /* AppDelegate.swift in Sources */ = {isa = PBXBuildFile; fileRef = 5378254221467B16009939DD /* AppDelegate.swift */; };
		5378254521467B16009939DD /* ViewController.swift in Sources */ = {isa = PBXBuildFile; fileRef = 5378254421467B16009939DD /* ViewController.swift */; };
		5378254721467B17009939DD /* Assets.xcassets in Resources */ = {isa = PBXBuildFile; fileRef = 5378254621467B17009939DD /* Assets.xcassets */; };
		5378254A21467B17009939DD /* Main.storyboard in Resources */ = {isa = PBXBuildFile; fileRef = 5378254821467B17009939DD /* Main.storyboard */; };
		5378255321468ACC009939DD /* MenuViewController.swift in Sources */ = {isa = PBXBuildFile; fileRef = 5378255221468ACC009939DD /* MenuViewController.swift */; };
		53782555214694FD009939DD /* MenuFlowLayout.swift in Sources */ = {isa = PBXBuildFile; fileRef = 53782554214694FD009939DD /* MenuFlowLayout.swift */; };
		5378255A214699F5009939DD /* MenuViewItem.swift in Sources */ = {isa = PBXBuildFile; fileRef = 53782558214699F5009939DD /* MenuViewItem.swift */; };
		5378255B214699F5009939DD /* MenuViewItem.xib in Resources */ = {isa = PBXBuildFile; fileRef = 53782559214699F5009939DD /* MenuViewItem.xib */; };
		538073CE2146A7B0005CA6CD /* SelectedView.swift in Sources */ = {isa = PBXBuildFile; fileRef = 538073CD2146A7B0005CA6CD /* SelectedView.swift */; };
		538073D02146AE33005CA6CD /* IndexViewController.swift in Sources */ = {isa = PBXBuildFile; fileRef = 538073CF2146AE33005CA6CD /* IndexViewController.swift */; };
		538073D32146B12A005CA6CD /* IndexViewItem.swift in Sources */ = {isa = PBXBuildFile; fileRef = 538073D12146B12A005CA6CD /* IndexViewItem.swift */; };
		538073D42146B12A005CA6CD /* IndexViewItem.xib in Resources */ = {isa = PBXBuildFile; fileRef = 538073D22146B12A005CA6CD /* IndexViewItem.xib */; };
		538073D62146D003005CA6CD /* IndexHeaderView.swift in Sources */ = {isa = PBXBuildFile; fileRef = 538073D52146D003005CA6CD /* IndexHeaderView.swift */; };
		538073D82146D037005CA6CD /* IndexHeaderView.xib in Resources */ = {isa = PBXBuildFile; fileRef = 538073D72146D037005CA6CD /* IndexHeaderView.xib */; };
		538073DA2146D395005CA6CD /* AppKit.framework in Frameworks */ = {isa = PBXBuildFile; fileRef = 538073D92146D395005CA6CD /* AppKit.framework */; };
		538073DC2146D746005CA6CD /* ImageLoader.swift in Sources */ = {isa = PBXBuildFile; fileRef = 538073DB2146D746005CA6CD /* ImageLoader.swift */; };
		53EC895321474CF00056B7EB /* Index.swift in Sources */ = {isa = PBXBuildFile; fileRef = 53EC895221474CF00056B7EB /* Index.swift */; };
		53EC89572147656E0056B7EB /* DetailViewController.swift in Sources */ = {isa = PBXBuildFile; fileRef = 53EC89562147656E0056B7EB /* DetailViewController.swift */; };
		53EC895921476EDC0056B7EB /* DetailWindowController.swift in Sources */ = {isa = PBXBuildFile; fileRef = 53EC895821476EDC0056B7EB /* DetailWindowController.swift */; };
		53EC895B21476FEB0056B7EB /* DetailWindow.swift in Sources */ = {isa = PBXBuildFile; fileRef = 53EC895A21476FEB0056B7EB /* DetailWindow.swift */; };
		53EC895D214777480056B7EB /* Detail.swift in Sources */ = {isa = PBXBuildFile; fileRef = 53EC895C214777480056B7EB /* Detail.swift */; };
		53EC895F2147779E0056B7EB /* Parser.swift in Sources */ = {isa = PBXBuildFile; fileRef = 53EC895E2147779E0056B7EB /* Parser.swift */; };
		53F8A5C22147A11A00C18A9E /* CloudPlayerController.swift in Sources */ = {isa = PBXBuildFile; fileRef = 53F8A5C12147A11900C18A9E /* CloudPlayerController.swift */; };
		53F8A5C52147A18400C18A9E /* CloudViewItem.swift in Sources */ = {isa = PBXBuildFile; fileRef = 53F8A5C32147A18400C18A9E /* CloudViewItem.swift */; };
		53F8A5C62147A18400C18A9E /* CloudViewItem.xib in Resources */ = {isa = PBXBuildFile; fileRef = 53F8A5C42147A18400C18A9E /* CloudViewItem.xib */; };
		53F8A5C82147A99C00C18A9E /* CloudPlayerWindowController.swift in Sources */ = {isa = PBXBuildFile; fileRef = 53F8A5C72147A99C00C18A9E /* CloudPlayerWindowController.swift */; };
		92B4E930DDA32A7FD6C1CF2A /* Pods_SKPlayer.framework in Frameworks */ = {isa = PBXBuildFile; fileRef = 98C578E9ECA3698486FE4057 /* Pods_SKPlayer.framework */; };
/* End PBXBuildFile section */

/* Begin PBXFileReference section */
		2AAC08D64DA57BD4C72E349C /* Pods-SKPlayer.debug.xcconfig */ = {isa = PBXFileReference; includeInIndex = 1; lastKnownFileType = text.xcconfig; name = "Pods-SKPlayer.debug.xcconfig"; path = "Pods/Target Support Files/Pods-SKPlayer/Pods-SKPlayer.debug.xcconfig"; sourceTree = "<group>"; };
		53043DD52147C248001019EA /* PlayerViewController.swift */ = {isa = PBXFileReference; lastKnownFileType = sourcecode.swift; path = PlayerViewController.swift; sourceTree = "<group>"; };
		53043DD72147C8BD001019EA /* PlayerWindowController.swift */ = {isa = PBXFileReference; lastKnownFileType = sourcecode.swift; path = PlayerWindowController.swift; sourceTree = "<group>"; };
		53043DD92147C8D4001019EA /* PlayerWindow.swift */ = {isa = PBXFileReference; lastKnownFileType = sourcecode.swift; path = PlayerWindow.swift; sourceTree = "<group>"; };
		53043DDB2147E7C5001019EA /* WebKit.framework */ = {isa = PBXFileReference; lastKnownFileType = wrapper.framework; name = WebKit.framework; path = System/Library/Frameworks/WebKit.framework; sourceTree = SDKROOT; };
		5378253F21467B16009939DD /* SKPlayer.app */ = {isa = PBXFileReference; explicitFileType = wrapper.application; includeInIndex = 0; path = SKPlayer.app; sourceTree = BUILT_PRODUCTS_DIR; };
		5378254221467B16009939DD /* AppDelegate.swift */ = {isa = PBXFileReference; lastKnownFileType = sourcecode.swift; path = AppDelegate.swift; sourceTree = "<group>"; };
		5378254421467B16009939DD /* ViewController.swift */ = {isa = PBXFileReference; lastKnownFileType = sourcecode.swift; path = ViewController.swift; sourceTree = "<group>"; };
		5378254621467B17009939DD /* Assets.xcassets */ = {isa = PBXFileReference; lastKnownFileType = folder.assetcatalog; path = Assets.xcassets; sourceTree = "<group>"; };
		5378254921467B17009939DD /* Base */ = {isa = PBXFileReference; lastKnownFileType = file.storyboard; name = Base; path = Base.lproj/Main.storyboard; sourceTree = "<group>"; };
		5378254B21467B17009939DD /* Info.plist */ = {isa = PBXFileReference; lastKnownFileType = text.plist.xml; path = Info.plist; sourceTree = "<group>"; };
		5378254C21467B17009939DD /* SKPlayer.entitlements */ = {isa = PBXFileReference; lastKnownFileType = text.plist.entitlements; path = SKPlayer.entitlements; sourceTree = "<group>"; };
		5378255221468ACC009939DD /* MenuViewController.swift */ = {isa = PBXFileReference; lastKnownFileType = sourcecode.swift; path = MenuViewController.swift; sourceTree = "<group>"; };
		53782554214694FD009939DD /* MenuFlowLayout.swift */ = {isa = PBXFileReference; lastKnownFileType = sourcecode.swift; path = MenuFlowLayout.swift; sourceTree = "<group>"; };
		53782558214699F5009939DD /* MenuViewItem.swift */ = {isa = PBXFileReference; lastKnownFileType = sourcecode.swift; path = MenuViewItem.swift; sourceTree = "<group>"; };
		53782559214699F5009939DD /* MenuViewItem.xib */ = {isa = PBXFileReference; lastKnownFileType = file.xib; path = MenuViewItem.xib; sourceTree = "<group>"; };
		538073CD2146A7B0005CA6CD /* SelectedView.swift */ = {isa = PBXFileReference; lastKnownFileType = sourcecode.swift; path = SelectedView.swift; sourceTree = "<group>"; };
		538073CF2146AE33005CA6CD /* IndexViewController.swift */ = {isa = PBXFileReference; lastKnownFileType = sourcecode.swift; path = IndexViewController.swift; sourceTree = "<group>"; };
		538073D12146B12A005CA6CD /* IndexViewItem.swift */ = {isa = PBXFileReference; lastKnownFileType = sourcecode.swift; path = IndexViewItem.swift; sourceTree = "<group>"; };
		538073D22146B12A005CA6CD /* IndexViewItem.xib */ = {isa = PBXFileReference; lastKnownFileType = file.xib; path = IndexViewItem.xib; sourceTree = "<group>"; };
		538073D52146D003005CA6CD /* IndexHeaderView.swift */ = {isa = PBXFileReference; lastKnownFileType = sourcecode.swift; path = IndexHeaderView.swift; sourceTree = "<group>"; };
		538073D72146D037005CA6CD /* IndexHeaderView.xib */ = {isa = PBXFileReference; lastKnownFileType = file.xib; path = IndexHeaderView.xib; sourceTree = "<group>"; };
		538073D92146D395005CA6CD /* AppKit.framework */ = {isa = PBXFileReference; lastKnownFileType = wrapper.framework; name = AppKit.framework; path = System/Library/Frameworks/AppKit.framework; sourceTree = SDKROOT; };
		538073DB2146D746005CA6CD /* ImageLoader.swift */ = {isa = PBXFileReference; lastKnownFileType = sourcecode.swift; path = ImageLoader.swift; sourceTree = "<group>"; };
		53EC895221474CF00056B7EB /* Index.swift */ = {isa = PBXFileReference; lastKnownFileType = sourcecode.swift; path = Index.swift; sourceTree = "<group>"; };
		53EC89562147656E0056B7EB /* DetailViewController.swift */ = {isa = PBXFileReference; lastKnownFileType = sourcecode.swift; path = DetailViewController.swift; sourceTree = "<group>"; };
		53EC895821476EDC0056B7EB /* DetailWindowController.swift */ = {isa = PBXFileReference; lastKnownFileType = sourcecode.swift; path = DetailWindowController.swift; sourceTree = "<group>"; };
		53EC895A21476FEB0056B7EB /* DetailWindow.swift */ = {isa = PBXFileReference; lastKnownFileType = sourcecode.swift; path = DetailWindow.swift; sourceTree = "<group>"; };
		53EC895C214777480056B7EB /* Detail.swift */ = {isa = PBXFileReference; lastKnownFileType = sourcecode.swift; path = Detail.swift; sourceTree = "<group>"; };
		53EC895E2147779E0056B7EB /* Parser.swift */ = {isa = PBXFileReference; lastKnownFileType = sourcecode.swift; path = Parser.swift; sourceTree = "<group>"; };
		53F8A5C12147A11900C18A9E /* CloudPlayerController.swift */ = {isa = PBXFileReference; lastKnownFileType = sourcecode.swift; path = CloudPlayerController.swift; sourceTree = "<group>"; };
		53F8A5C32147A18400C18A9E /* CloudViewItem.swift */ = {isa = PBXFileReference; lastKnownFileType = sourcecode.swift; path = CloudViewItem.swift; sourceTree = "<group>"; };
		53F8A5C42147A18400C18A9E /* CloudViewItem.xib */ = {isa = PBXFileReference; lastKnownFileType = file.xib; path = CloudViewItem.xib; sourceTree = "<group>"; };
		53F8A5C72147A99C00C18A9E /* CloudPlayerWindowController.swift */ = {isa = PBXFileReference; lastKnownFileType = sourcecode.swift; path = CloudPlayerWindowController.swift; sourceTree = "<group>"; };
		81D01F3ADFB7241236309A56 /* Pods-SKPlayer.release.xcconfig */ = {isa = PBXFileReference; includeInIndex = 1; lastKnownFileType = text.xcconfig; name = "Pods-SKPlayer.release.xcconfig"; path = "Pods/Target Support Files/Pods-SKPlayer/Pods-SKPlayer.release.xcconfig"; sourceTree = "<group>"; };
		98C578E9ECA3698486FE4057 /* Pods_SKPlayer.framework */ = {isa = PBXFileReference; explicitFileType = wrapper.framework; includeInIndex = 0; path = Pods_SKPlayer.framework; sourceTree = BUILT_PRODUCTS_DIR; };
/* End PBXFileReference section */

/* Begin PBXFrameworksBuildPhase section */
		5378253C21467B16009939DD /* Frameworks */ = {
			isa = PBXFrameworksBuildPhase;
			buildActionMask = 2147483647;
			files = (
				53043DDC2147E7C5001019EA /* WebKit.framework in Frameworks */,
				538073DA2146D395005CA6CD /* AppKit.framework in Frameworks */,
				92B4E930DDA32A7FD6C1CF2A /* Pods_SKPlayer.framework in Frameworks */,
			);
			runOnlyForDeploymentPostprocessing = 0;
		};
/* End PBXFrameworksBuildPhase section */

/* Begin PBXGroup section */
		53043DD42147C22A001019EA /* Player */ = {
			isa = PBXGroup;
			children = (
				53043DD52147C248001019EA /* PlayerViewController.swift */,
				53043DD72147C8BD001019EA /* PlayerWindowController.swift */,
				53043DD92147C8D4001019EA /* PlayerWindow.swift */,
			);
			path = Player;
			sourceTree = "<group>";
		};
		5378253621467B16009939DD = {
			isa = PBXGroup;
			children = (
				5378254121467B16009939DD /* SKPlayer */,
				5378254021467B16009939DD /* Products */,
				FDE864B81F6C6757B20CCDF3 /* Pods */,
				69910F89292AFF1139A303E1 /* Frameworks */,
			);
			sourceTree = "<group>";
		};
		5378254021467B16009939DD /* Products */ = {
			isa = PBXGroup;
			children = (
				5378253F21467B16009939DD /* SKPlayer.app */,
			);
			name = Products;
			sourceTree = "<group>";
		};
		5378254121467B16009939DD /* SKPlayer */ = {
			isa = PBXGroup;
			children = (
				53EC894D21474C9A0056B7EB /* SK */,
				5378254221467B16009939DD /* AppDelegate.swift */,
				5378254421467B16009939DD /* ViewController.swift */,
				5378254621467B17009939DD /* Assets.xcassets */,
				5378254821467B17009939DD /* Main.storyboard */,
				5378254B21467B17009939DD /* Info.plist */,
				5378254C21467B17009939DD /* SKPlayer.entitlements */,
				5378255221468ACC009939DD /* MenuViewController.swift */,
				53782554214694FD009939DD /* MenuFlowLayout.swift */,
				53782558214699F5009939DD /* MenuViewItem.swift */,
				538073CD2146A7B0005CA6CD /* SelectedView.swift */,
				53782559214699F5009939DD /* MenuViewItem.xib */,
				538073DB2146D746005CA6CD /* ImageLoader.swift */,
			);
			path = SKPlayer;
			sourceTree = "<group>";
		};
		53EC894D21474C9A0056B7EB /* SK */ = {
			isa = PBXGroup;
			children = (
				53EC895021474CC70056B7EB /* Parser */,
				53EC894E21474C9A0056B7EB /* Controllers */,
			);
			path = SK;
			sourceTree = "<group>";
		};
		53EC894E21474C9A0056B7EB /* Controllers */ = {
			isa = PBXGroup;
			children = (
				53043DD42147C22A001019EA /* Player */,
				53F8A5C02147A0F300C18A9E /* Cloud */,
				53EC8954214763E40056B7EB /* Detail */,
				53EC894F21474C9A0056B7EB /* Index */,
			);
			path = Controllers;
			sourceTree = "<group>";
		};
		53EC894F21474C9A0056B7EB /* Index */ = {
			isa = PBXGroup;
			children = (
				538073CF2146AE33005CA6CD /* IndexViewController.swift */,
				538073D12146B12A005CA6CD /* IndexViewItem.swift */,
				538073D22146B12A005CA6CD /* IndexViewItem.xib */,
				538073D52146D003005CA6CD /* IndexHeaderView.swift */,
				538073D72146D037005CA6CD /* IndexHeaderView.xib */,
			);
			path = Index;
			sourceTree = "<group>";
		};
		53EC895021474CC70056B7EB /* Parser */ = {
			isa = PBXGroup;
			children = (
				53EC8955214763FA0056B7EB /* Detail */,
				53EC895121474CE30056B7EB /* Index */,
				53EC895E2147779E0056B7EB /* Parser.swift */,
			);
			name = Parser;
			path = SKPlayer/SK/Parser;
			sourceTree = SOURCE_ROOT;
		};
		53EC895121474CE30056B7EB /* Index */ = {
			isa = PBXGroup;
			children = (
				53EC895221474CF00056B7EB /* Index.swift */,
			);
			path = Index;
			sourceTree = "<group>";
		};
		53EC8954214763E40056B7EB /* Detail */ = {
			isa = PBXGroup;
			children = (
				53EC89562147656E0056B7EB /* DetailViewController.swift */,
				53EC895821476EDC0056B7EB /* DetailWindowController.swift */,
				53EC895A21476FEB0056B7EB /* DetailWindow.swift */,
			);
			path = Detail;
			sourceTree = "<group>";
		};
		53EC8955214763FA0056B7EB /* Detail */ = {
			isa = PBXGroup;
			children = (
				53EC895C214777480056B7EB /* Detail.swift */,
			);
			path = Detail;
			sourceTree = "<group>";
		};
		53F8A5C02147A0F300C18A9E /* Cloud */ = {
			isa = PBXGroup;
			children = (
				53F8A5C12147A11900C18A9E /* CloudPlayerController.swift */,
				53F8A5C32147A18400C18A9E /* CloudViewItem.swift */,
				53F8A5C42147A18400C18A9E /* CloudViewItem.xib */,
				53F8A5C72147A99C00C18A9E /* CloudPlayerWindowController.swift */,
			);
			path = Cloud;
			sourceTree = "<group>";
		};
		69910F89292AFF1139A303E1 /* Frameworks */ = {
			isa = PBXGroup;
			children = (
				53043DDB2147E7C5001019EA /* WebKit.framework */,
				538073D92146D395005CA6CD /* AppKit.framework */,
				98C578E9ECA3698486FE4057 /* Pods_SKPlayer.framework */,
			);
			name = Frameworks;
			sourceTree = "<group>";
		};
		FDE864B81F6C6757B20CCDF3 /* Pods */ = {
			isa = PBXGroup;
			children = (
				2AAC08D64DA57BD4C72E349C /* Pods-SKPlayer.debug.xcconfig */,
				81D01F3ADFB7241236309A56 /* Pods-SKPlayer.release.xcconfig */,
			);
			name = Pods;
			sourceTree = "<group>";
		};
/* End PBXGroup section */

/* Begin PBXNativeTarget section */
		5378253E21467B16009939DD /* SKPlayer */ = {
			isa = PBXNativeTarget;
			buildConfigurationList = 5378254F21467B17009939DD /* Build configuration list for PBXNativeTarget "SKPlayer" */;
			buildPhases = (
				0C79BBDE47F2E86FB2776A3D /* [CP] Check Pods Manifest.lock */,
				5378253B21467B16009939DD /* Sources */,
				5378253C21467B16009939DD /* Frameworks */,
				5378253D21467B16009939DD /* Resources */,
				73CC1EBC04F0EC03A59C76BD /* [CP] Embed Pods Frameworks */,
			);
			buildRules = (
			);
			dependencies = (
			);
			name = SKPlayer;
			productName = SKPlayer;
			productReference = 5378253F21467B16009939DD /* SKPlayer.app */;
			productType = "com.apple.product-type.application";
		};
/* End PBXNativeTarget section */

/* Begin PBXProject section */
		5378253721467B16009939DD /* Project object */ = {
			isa = PBXProject;
			attributes = {
				LastSwiftUpdateCheck = 0940;
				LastUpgradeCheck = 0940;
				ORGANIZATIONNAME = sk;
				TargetAttributes = {
					5378253E21467B16009939DD = {
						CreatedOnToolsVersion = 9.4.1;
					};
				};
			};
			buildConfigurationList = 5378253A21467B16009939DD /* Build configuration list for PBXProject "SKPlayer" */;
			compatibilityVersion = "Xcode 9.3";
			developmentRegion = en;
			hasScannedForEncodings = 0;
			knownRegions = (
				en,
				Base,
			);
			mainGroup = 5378253621467B16009939DD;
			productRefGroup = 5378254021467B16009939DD /* Products */;
			projectDirPath = "";
			projectRoot = "";
			targets = (
				5378253E21467B16009939DD /* SKPlayer */,
			);
		};
/* End PBXProject section */

/* Begin PBXResourcesBuildPhase section */
		5378253D21467B16009939DD /* Resources */ = {
			isa = PBXResourcesBuildPhase;
			buildActionMask = 2147483647;
			files = (
				538073D42146B12A005CA6CD /* IndexViewItem.xib in Resources */,
				5378255B214699F5009939DD /* MenuViewItem.xib in Resources */,
				5378254721467B17009939DD /* Assets.xcassets in Resources */,
				53F8A5C62147A18400C18A9E /* CloudViewItem.xib in Resources */,
				5378254A21467B17009939DD /* Main.storyboard in Resources */,
				538073D82146D037005CA6CD /* IndexHeaderView.xib in Resources */,
			);
			runOnlyForDeploymentPostprocessing = 0;
		};
/* End PBXResourcesBuildPhase section */

/* Begin PBXShellScriptBuildPhase section */
		0C79BBDE47F2E86FB2776A3D /* [CP] Check Pods Manifest.lock */ = {
			isa = PBXShellScriptBuildPhase;
			buildActionMask = 2147483647;
			files = (
			);
			inputPaths = (
				"${PODS_PODFILE_DIR_PATH}/Podfile.lock",
				"${PODS_ROOT}/Manifest.lock",
			);
			name = "[CP] Check Pods Manifest.lock";
			outputPaths = (
				"$(DERIVED_FILE_DIR)/Pods-SKPlayer-checkManifestLockResult.txt",
			);
			runOnlyForDeploymentPostprocessing = 0;
			shellPath = /bin/sh;
			shellScript = "diff \"${PODS_PODFILE_DIR_PATH}/Podfile.lock\" \"${PODS_ROOT}/Manifest.lock\" > /dev/null\nif [ $? != 0 ] ; then\n    # print error to STDERR\n    echo \"error: The sandbox is not in sync with the Podfile.lock. Run 'pod install' or update your CocoaPods installation.\" >&2\n    exit 1\nfi\n# This output is used by Xcode 'outputs' to avoid re-running this script phase.\necho \"SUCCESS\" > \"${SCRIPT_OUTPUT_FILE_0}\"\n";
			showEnvVarsInLog = 0;
		};
		73CC1EBC04F0EC03A59C76BD /* [CP] Embed Pods Frameworks */ = {
			isa = PBXShellScriptBuildPhase;
			buildActionMask = 2147483647;
			files = (
			);
			inputPaths = (
				"${SRCROOT}/Pods/Target Support Files/Pods-SKPlayer/Pods-SKPlayer-frameworks.sh",
				"${BUILT_PRODUCTS_DIR}/Alamofire/Alamofire.framework",
				"${BUILT_PRODUCTS_DIR}/Ji/Ji.framework",
				"${BUILT_PRODUCTS_DIR}/Kingfisher/Kingfisher.framework",
				"${BUILT_PRODUCTS_DIR}/Realm/Realm.framework",
				"${BUILT_PRODUCTS_DIR}/RealmSwift/RealmSwift.framework",
				"${BUILT_PRODUCTS_DIR}/SnapKit/SnapKit.framework",
				"${PODS_ROOT}/VLCKit/VLCKit.framework",
			);
			name = "[CP] Embed Pods Frameworks";
			outputPaths = (
				"${TARGET_BUILD_DIR}/${FRAMEWORKS_FOLDER_PATH}/Alamofire.framework",
				"${TARGET_BUILD_DIR}/${FRAMEWORKS_FOLDER_PATH}/Ji.framework",
				"${TARGET_BUILD_DIR}/${FRAMEWORKS_FOLDER_PATH}/Kingfisher.framework",
				"${TARGET_BUILD_DIR}/${FRAMEWORKS_FOLDER_PATH}/Realm.framework",
				"${TARGET_BUILD_DIR}/${FRAMEWORKS_FOLDER_PATH}/RealmSwift.framework",
				"${TARGET_BUILD_DIR}/${FRAMEWORKS_FOLDER_PATH}/SnapKit.framework",
				"${TARGET_BUILD_DIR}/${FRAMEWORKS_FOLDER_PATH}/VLCKit.framework",
			);
			runOnlyForDeploymentPostprocessing = 0;
			shellPath = /bin/sh;
			shellScript = "\"${SRCROOT}/Pods/Target Support Files/Pods-SKPlayer/Pods-SKPlayer-frameworks.sh\"\n";
			showEnvVarsInLog = 0;
		};
/* End PBXShellScriptBuildPhase section */

/* Begin PBXSourcesBuildPhase section */
		5378253B21467B16009939DD /* Sources */ = {
			isa = PBXSourcesBuildPhase;
			buildActionMask = 2147483647;
			files = (
				53043DD82147C8BD001019EA /* PlayerWindowController.swift in Sources */,
				53EC895B21476FEB0056B7EB /* DetailWindow.swift in Sources */,
				53EC895321474CF00056B7EB /* Index.swift in Sources */,
				53F8A5C22147A11A00C18A9E /* CloudPlayerController.swift in Sources */,
				53043DDA2147C8D4001019EA /* PlayerWindow.swift in Sources */,
				538073D32146B12A005CA6CD /* IndexViewItem.swift in Sources */,
				5378255A214699F5009939DD /* MenuViewItem.swift in Sources */,
				53EC895F2147779E0056B7EB /* Parser.swift in Sources */,
				53EC89572147656E0056B7EB /* DetailViewController.swift in Sources */,
				53EC895921476EDC0056B7EB /* DetailWindowController.swift in Sources */,
				538073DC2146D746005CA6CD /* ImageLoader.swift in Sources */,
				53043DD62147C248001019EA /* PlayerViewController.swift in Sources */,
				5378254521467B16009939DD /* ViewController.swift in Sources */,
				5378255321468ACC009939DD /* MenuViewController.swift in Sources */,
				53782555214694FD009939DD /* MenuFlowLayout.swift in Sources */,
				538073D62146D003005CA6CD /* IndexHeaderView.swift in Sources */,
				53EC895D214777480056B7EB /* Detail.swift in Sources */,
				5378254321467B16009939DD /* AppDelegate.swift in Sources */,
				538073D02146AE33005CA6CD /* IndexViewController.swift in Sources */,
				53F8A5C82147A99C00C18A9E /* CloudPlayerWindowController.swift in Sources */,
				538073CE2146A7B0005CA6CD /* SelectedView.swift in Sources */,
				53F8A5C52147A18400C18A9E /* CloudViewItem.swift in Sources */,
			);
			runOnlyForDeploymentPostprocessing = 0;
		};
/* End PBXSourcesBuildPhase section */

/* Begin PBXVariantGroup section */
		5378254821467B17009939DD /* Main.storyboard */ = {
			isa = PBXVariantGroup;
			children = (
				5378254921467B17009939DD /* Base */,
			);
			name = Main.storyboard;
			sourceTree = "<group>";
		};
/* End PBXVariantGroup section */

/* Begin XCBuildConfiguration section */
		5378254D21467B17009939DD /* Debug */ = {
			isa = XCBuildConfiguration;
			buildSettings = {
				ALWAYS_SEARCH_USER_PATHS = NO;
				CLANG_ANALYZER_NONNULL = YES;
				CLANG_ANALYZER_NUMBER_OBJECT_CONVERSION = YES_AGGRESSIVE;
				CLANG_CXX_LANGUAGE_STANDARD = "gnu++14";
				CLANG_CXX_LIBRARY = "libc++";
				CLANG_ENABLE_MODULES = YES;
				CLANG_ENABLE_OBJC_ARC = YES;
				CLANG_ENABLE_OBJC_WEAK = YES;
				CLANG_WARN_BLOCK_CAPTURE_AUTORELEASING = YES;
				CLANG_WARN_BOOL_CONVERSION = YES;
				CLANG_WARN_COMMA = YES;
				CLANG_WARN_CONSTANT_CONVERSION = YES;
				CLANG_WARN_DEPRECATED_OBJC_IMPLEMENTATIONS = YES;
				CLANG_WARN_DIRECT_OBJC_ISA_USAGE = YES_ERROR;
				CLANG_WARN_DOCUMENTATION_COMMENTS = YES;
				CLANG_WARN_EMPTY_BODY = YES;
				CLANG_WARN_ENUM_CONVERSION = YES;
				CLANG_WARN_INFINITE_RECURSION = YES;
				CLANG_WARN_INT_CONVERSION = YES;
				CLANG_WARN_NON_LITERAL_NULL_CONVERSION = YES;
				CLANG_WARN_OBJC_IMPLICIT_RETAIN_SELF = YES;
				CLANG_WARN_OBJC_LITERAL_CONVERSION = YES;
				CLANG_WARN_OBJC_ROOT_CLASS = YES_ERROR;
				CLANG_WARN_RANGE_LOOP_ANALYSIS = YES;
				CLANG_WARN_STRICT_PROTOTYPES = YES;
				CLANG_WARN_SUSPICIOUS_MOVE = YES;
				CLANG_WARN_UNGUARDED_AVAILABILITY = YES_AGGRESSIVE;
				CLANG_WARN_UNREACHABLE_CODE = YES;
				CLANG_WARN__DUPLICATE_METHOD_MATCH = YES;
				CODE_SIGN_IDENTITY = "-";
				COPY_PHASE_STRIP = NO;
				DEBUG_INFORMATION_FORMAT = dwarf;
				ENABLE_STRICT_OBJC_MSGSEND = YES;
				ENABLE_TESTABILITY = YES;
				GCC_C_LANGUAGE_STANDARD = gnu11;
				GCC_DYNAMIC_NO_PIC = NO;
				GCC_NO_COMMON_BLOCKS = YES;
				GCC_OPTIMIZATION_LEVEL = 0;
				GCC_PREPROCESSOR_DEFINITIONS = (
					"DEBUG=1",
					"$(inherited)",
				);
				GCC_WARN_64_TO_32_BIT_CONVERSION = YES;
				GCC_WARN_ABOUT_RETURN_TYPE = YES_ERROR;
				GCC_WARN_UNDECLARED_SELECTOR = YES;
				GCC_WARN_UNINITIALIZED_AUTOS = YES_AGGRESSIVE;
				GCC_WARN_UNUSED_FUNCTION = YES;
				GCC_WARN_UNUSED_VARIABLE = YES;
				MACOSX_DEPLOYMENT_TARGET = 10.14;
				MTL_ENABLE_DEBUG_INFO = YES;
				ONLY_ACTIVE_ARCH = YES;
				SDKROOT = macosx;
				SWIFT_ACTIVE_COMPILATION_CONDITIONS = DEBUG;
				SWIFT_OPTIMIZATION_LEVEL = "-Onone";
			};
			name = Debug;
		};
		5378254E21467B17009939DD /* Release */ = {
			isa = XCBuildConfiguration;
			buildSettings = {
				ALWAYS_SEARCH_USER_PATHS = NO;
				CLANG_ANALYZER_NONNULL = YES;
				CLANG_ANALYZER_NUMBER_OBJECT_CONVERSION = YES_AGGRESSIVE;
				CLANG_CXX_LANGUAGE_STANDARD = "gnu++14";
				CLANG_CXX_LIBRARY = "libc++";
				CLANG_ENABLE_MODULES = YES;
				CLANG_ENABLE_OBJC_ARC = YES;
				CLANG_ENABLE_OBJC_WEAK = YES;
				CLANG_WARN_BLOCK_CAPTURE_AUTORELEASING = YES;
				CLANG_WARN_BOOL_CONVERSION = YES;
				CLANG_WARN_COMMA = YES;
				CLANG_WARN_CONSTANT_CONVERSION = YES;
				CLANG_WARN_DEPRECATED_OBJC_IMPLEMENTATIONS = YES;
				CLANG_WARN_DIRECT_OBJC_ISA_USAGE = YES_ERROR;
				CLANG_WARN_DOCUMENTATION_COMMENTS = YES;
				CLANG_WARN_EMPTY_BODY = YES;
				CLANG_WARN_ENUM_CONVERSION = YES;
				CLANG_WARN_INFINITE_RECURSION = YES;
				CLANG_WARN_INT_CONVERSION = YES;
				CLANG_WARN_NON_LITERAL_NULL_CONVERSION = YES;
				CLANG_WARN_OBJC_IMPLICIT_RETAIN_SELF = YES;
				CLANG_WARN_OBJC_LITERAL_CONVERSION = YES;
				CLANG_WARN_OBJC_ROOT_CLASS = YES_ERROR;
				CLANG_WARN_RANGE_LOOP_ANALYSIS = YES;
				CLANG_WARN_STRICT_PROTOTYPES = YES;
				CLANG_WARN_SUSPICIOUS_MOVE = YES;
				CLANG_WARN_UNGUARDED_AVAILABILITY = YES_AGGRESSIVE;
				CLANG_WARN_UNREACHABLE_CODE = YES;
				CLANG_WARN__DUPLICATE_METHOD_MATCH = YES;
				CODE_SIGN_IDENTITY = "-";
				COPY_PHASE_STRIP = NO;
				DEBUG_INFORMATION_FORMAT = "dwarf-with-dsym";
				ENABLE_NS_ASSERTIONS = NO;
				ENABLE_STRICT_OBJC_MSGSEND = YES;
				GCC_C_LANGUAGE_STANDARD = gnu11;
				GCC_NO_COMMON_BLOCKS = YES;
				GCC_WARN_64_TO_32_BIT_CONVERSION = YES;
				GCC_WARN_ABOUT_RETURN_TYPE = YES_ERROR;
				GCC_WARN_UNDECLARED_SELECTOR = YES;
				GCC_WARN_UNINITIALIZED_AUTOS = YES_AGGRESSIVE;
				GCC_WARN_UNUSED_FUNCTION = YES;
				GCC_WARN_UNUSED_VARIABLE = YES;
				MACOSX_DEPLOYMENT_TARGET = 10.14;
				MTL_ENABLE_DEBUG_INFO = NO;
				SDKROOT = macosx;
				SWIFT_COMPILATION_MODE = wholemodule;
				SWIFT_OPTIMIZATION_LEVEL = "-O";
			};
			name = Release;
		};
		5378255021467B17009939DD /* Debug */ = {
			isa = XCBuildConfiguration;
			baseConfigurationReference = 2AAC08D64DA57BD4C72E349C /* Pods-SKPlayer.debug.xcconfig */;
			buildSettings = {
				ASSETCATALOG_COMPILER_APPICON_NAME = AppIcon;
				CODE_SIGN_ENTITLEMENTS = SKPlayer/SKPlayer.entitlements;
				CODE_SIGN_STYLE = Automatic;
				COMBINE_HIDPI_IMAGES = YES;
				INFOPLIST_FILE = SKPlayer/Info.plist;
				LD_RUNPATH_SEARCH_PATHS = (
					"$(inherited)",
					"@executable_path/../Frameworks",
				);
				PRODUCT_BUNDLE_IDENTIFIER = com.sk.SKPlayer;
				PRODUCT_NAME = "$(TARGET_NAME)";
				SWIFT_VERSION = 4.0;
			};
			name = Debug;
		};
		5378255121467B17009939DD /* Release */ = {
			isa = XCBuildConfiguration;
			baseConfigurationReference = 81D01F3ADFB7241236309A56 /* Pods-SKPlayer.release.xcconfig */;
			buildSettings = {
				ASSETCATALOG_COMPILER_APPICON_NAME = AppIcon;
				CODE_SIGN_ENTITLEMENTS = SKPlayer/SKPlayer.entitlements;
				CODE_SIGN_STYLE = Automatic;
				COMBINE_HIDPI_IMAGES = YES;
				INFOPLIST_FILE = SKPlayer/Info.plist;
				LD_RUNPATH_SEARCH_PATHS = (
					"$(inherited)",
					"@executable_path/../Frameworks",
				);
				PRODUCT_BUNDLE_IDENTIFIER = com.sk.SKPlayer;
				PRODUCT_NAME = "$(TARGET_NAME)";
				SWIFT_VERSION = 4.0;
			};
			name = Release;
		};
/* End XCBuildConfiguration section */

/* Begin XCConfigurationList section */
		5378253A21467B16009939DD /* Build configuration list for PBXProject "SKPlayer" */ = {
			isa = XCConfigurationList;
			buildConfigurations = (
				5378254D21467B17009939DD /* Debug */,
				5378254E21467B17009939DD /* Release */,
			);
			defaultConfigurationIsVisible = 0;
			defaultConfigurationName = Release;
		};
		5378254F21467B17009939DD /* Build configuration list for PBXNativeTarget "SKPlayer" */ = {
			isa = XCConfigurationList;
			buildConfigurations = (
				5378255021467B17009939DD /* Debug */,
				5378255121467B17009939DD /* Release */,
			);
			defaultConfigurationIsVisible = 0;
			defaultConfigurationName = Release;
		};
/* End XCConfigurationList section */
	};
	rootObject = 5378253721467B16009939DD /* Project object */;
}
